// !$*UTF8*$!
{
	archiveVersion = 1;
	classes = {
	};
	objectVersion = 51;
	objects = {

/* Begin PBXBuildFile section */
		1091C207271A59F7002CA057 /* AppDelegate.swift in Sources */ = {isa = PBXBuildFile; fileRef = 1091C206271A59F7002CA057 /* AppDelegate.swift */; };
		1091C210271A59F8002CA057 /* Assets.xcassets in Resources */ = {isa = PBXBuildFile; fileRef = 1091C20F271A59F8002CA057 /* Assets.xcassets */; };
		1091C213271A59F8002CA057 /* LaunchScreen.storyboard in Resources */ = {isa = PBXBuildFile; fileRef = 1091C211271A59F8002CA057 /* LaunchScreen.storyboard */; };
		1091C225271A5BB0002CA057 /* LoanProcessPage.swift in Sources */ = {isa = PBXBuildFile; fileRef = 1091C224271A5BB0002CA057 /* LoanProcessPage.swift */; };
		1091C22A271A5CE4002CA057 /* LoanProcessView.swift in Sources */ = {isa = PBXBuildFile; fileRef = 1091C229271A5CE4002CA057 /* LoanProcessView.swift */; };
		1091C233271A632D002CA057 /* Fonts.swift in Sources */ = {isa = PBXBuildFile; fileRef = 1091C232271A632D002CA057 /* Fonts.swift */; };
		1091C23A271A68FC002CA057 /* Colors.swift in Sources */ = {isa = PBXBuildFile; fileRef = 1091C239271A68FC002CA057 /* Colors.swift */; };
		1091C23E271A71BA002CA057 /* RegularTextField.swift in Sources */ = {isa = PBXBuildFile; fileRef = 1091C23D271A71BA002CA057 /* RegularTextField.swift */; };
		1091C241271A7328002CA057 /* SelectTextField.swift in Sources */ = {isa = PBXBuildFile; fileRef = 1091C240271A7328002CA057 /* SelectTextField.swift */; };
		1091C244271A7443002CA057 /* Images.swift in Sources */ = {isa = PBXBuildFile; fileRef = 1091C243271A7443002CA057 /* Images.swift */; };
		1091C247271A75D1002CA057 /* DateTextField.swift in Sources */ = {isa = PBXBuildFile; fileRef = 1091C246271A75D1002CA057 /* DateTextField.swift */; };
		1091C259271A7BEA002CA057 /* EmploymentTypePickerDataSource.swift in Sources */ = {isa = PBXBuildFile; fileRef = 1091C258271A7BEA002CA057 /* EmploymentTypePickerDataSource.swift */; };
		1091C25D271A7C4A002CA057 /* EmploymentTypePickerDelegate.swift in Sources */ = {isa = PBXBuildFile; fileRef = 1091C25C271A7C4A002CA057 /* EmploymentTypePickerDelegate.swift */; };
		1091C263271A881A002CA057 /* FamilyStatusPickerDataSource.swift in Sources */ = {isa = PBXBuildFile; fileRef = 1091C262271A881A002CA057 /* FamilyStatusPickerDataSource.swift */; };
		1091C266271A889F002CA057 /* FamilyStatusPickerDelegate.swift in Sources */ = {isa = PBXBuildFile; fileRef = 1091C265271A889F002CA057 /* FamilyStatusPickerDelegate.swift */; };
		1091C269271A89AB002CA057 /* IssuedByPickerDataSource.swift in Sources */ = {isa = PBXBuildFile; fileRef = 1091C268271A89AB002CA057 /* IssuedByPickerDataSource.swift */; };
		1091C26C271A8A00002CA057 /* IssuedByPickerDelegate.swift in Sources */ = {isa = PBXBuildFile; fileRef = 1091C26B271A8A00002CA057 /* IssuedByPickerDelegate.swift */; };
		1091C274271AA34C002CA057 /* LoanConfirmationPage.swift in Sources */ = {isa = PBXBuildFile; fileRef = 1091C273271AA34C002CA057 /* LoanConfirmationPage.swift */; };
		1091C278271AA38D002CA057 /* LoanConfirmationView.swift in Sources */ = {isa = PBXBuildFile; fileRef = 1091C277271AA38D002CA057 /* LoanConfirmationView.swift */; };
		45E7772D271B355C00FC6CB9 /* StoriesView.swift in Sources */ = {isa = PBXBuildFile; fileRef = 45E7772C271B355C00FC6CB9 /* StoriesView.swift */; };
		45E7772F271B366200FC6CB9 /* StoriesCell.swift in Sources */ = {isa = PBXBuildFile; fileRef = 45E7772E271B366200FC6CB9 /* StoriesCell.swift */; };
		45E77733271B3F1100FC6CB9 /* StoriesPage.swift in Sources */ = {isa = PBXBuildFile; fileRef = 45E77732271B3F1100FC6CB9 /* StoriesPage.swift */; };
		45E77735271B3F3100FC6CB9 /* SegmentedProgressBar.swift in Sources */ = {isa = PBXBuildFile; fileRef = 45E77734271B3F3100FC6CB9 /* SegmentedProgressBar.swift */; };
		45E77737271B509700FC6CB9 /* StoriesAnimator.swift in Sources */ = {isa = PBXBuildFile; fileRef = 45E77736271B509700FC6CB9 /* StoriesAnimator.swift */; };
		45E7773B271B5AE000FC6CB9 /* BasketPage.swift in Sources */ = {isa = PBXBuildFile; fileRef = 45E7773A271B5AE000FC6CB9 /* BasketPage.swift */; };
		45E7773E271B771400FC6CB9 /* BasketItemCell.swift in Sources */ = {isa = PBXBuildFile; fileRef = 45E7773D271B771400FC6CB9 /* BasketItemCell.swift */; };
		45E77740271B853C00FC6CB9 /* BasketClickableView.swift in Sources */ = {isa = PBXBuildFile; fileRef = 45E7773F271B853C00FC6CB9 /* BasketClickableView.swift */; };
		45E77742271B87D500FC6CB9 /* BasketMonthView.swift in Sources */ = {isa = PBXBuildFile; fileRef = 45E77741271B87D500FC6CB9 /* BasketMonthView.swift */; };
		45E77744271B8D2000FC6CB9 /* BasketPriceView.swift in Sources */ = {isa = PBXBuildFile; fileRef = 45E77743271B8D2000FC6CB9 /* BasketPriceView.swift */; };
		45E77746271B993800FC6CB9 /* TrippleMonthView.swift in Sources */ = {isa = PBXBuildFile; fileRef = 45E77745271B993800FC6CB9 /* TrippleMonthView.swift */; };
		45F5062C271AC9EA0094FBF0 /* QRScanPage.swift in Sources */ = {isa = PBXBuildFile; fileRef = 45F5062B271AC9EA0094FBF0 /* QRScanPage.swift */; };
		45F5062E271AC9F80094FBF0 /* QRScanViewModel.swift in Sources */ = {isa = PBXBuildFile; fileRef = 45F5062D271AC9F80094FBF0 /* QRScanViewModel.swift */; };
		45F50630271ACAC30094FBF0 /* Extensions.swift in Sources */ = {isa = PBXBuildFile; fileRef = 45F5062F271ACAC30094FBF0 /* Extensions.swift */; };
		1091C280271AF096002CA057 /* UIButton + Extension.swift in Sources */ = {isa = PBXBuildFile; fileRef = 1091C27F271AF096002CA057 /* UIButton + Extension.swift */; };
		1091C285271AF6DE002CA057 /* DocumentsPage.swift in Sources */ = {isa = PBXBuildFile; fileRef = 1091C284271AF6DE002CA057 /* DocumentsPage.swift */; };
		1091C289271AF70E002CA057 /* DocumentsView.swift in Sources */ = {isa = PBXBuildFile; fileRef = 1091C288271AF70E002CA057 /* DocumentsView.swift */; };
		1091C291271AFBE5002CA057 /* EKAttributes + Extension.swift in Sources */ = {isa = PBXBuildFile; fileRef = 1091C290271AFBE5002CA057 /* EKAttributes + Extension.swift */; };
		1091C296271B2A1C002CA057 /* AlertView.swift in Sources */ = {isa = PBXBuildFile; fileRef = 1091C295271B2A1C002CA057 /* AlertView.swift */; };
		1091C29B271B2E88002CA057 /* AlertModel.swift in Sources */ = {isa = PBXBuildFile; fileRef = 1091C29A271B2E88002CA057 /* AlertModel.swift */; };
		1091C2AD271B4874002CA057 /* LoaderView.swift in Sources */ = {isa = PBXBuildFile; fileRef = 1091C2AC271B4874002CA057 /* LoaderView.swift */; };
		1091C2B2271B4F42002CA057 /* QRPage.swift in Sources */ = {isa = PBXBuildFile; fileRef = 1091C2B1271B4F42002CA057 /* QRPage.swift */; };
		1091C2B6271B4F61002CA057 /* QRView.swift in Sources */ = {isa = PBXBuildFile; fileRef = 1091C2B5271B4F61002CA057 /* QRView.swift */; };
		1091C2BC271B5B5F002CA057 /* SuccessPage.swift in Sources */ = {isa = PBXBuildFile; fileRef = 1091C2BB271B5B5F002CA057 /* SuccessPage.swift */; };
		1091C2C0271B5B79002CA057 /* SuccessView.swift in Sources */ = {isa = PBXBuildFile; fileRef = 1091C2BF271B5B79002CA057 /* SuccessView.swift */; };
		1091C2C4271B62B1002CA057 /* LoaderPage.swift in Sources */ = {isa = PBXBuildFile; fileRef = 1091C2C3271B62B1002CA057 /* LoaderPage.swift */; };
		647D70C685DDD1892FD53559 /* Pods_hcb_hackaton.framework in Frameworks */ = {isa = PBXBuildFile; fileRef = BA678308762E306903D8FA13 /* Pods_hcb_hackaton.framework */; };
/* End PBXBuildFile section */

/* Begin PBXFileReference section */
		1091C203271A59F7002CA057 /* hcb-hackaton.app */ = {isa = PBXFileReference; explicitFileType = wrapper.application; includeInIndex = 0; path = "hcb-hackaton.app"; sourceTree = BUILT_PRODUCTS_DIR; };
		1091C206271A59F7002CA057 /* AppDelegate.swift */ = {isa = PBXFileReference; lastKnownFileType = sourcecode.swift; path = AppDelegate.swift; sourceTree = "<group>"; };
		1091C20F271A59F8002CA057 /* Assets.xcassets */ = {isa = PBXFileReference; lastKnownFileType = folder.assetcatalog; path = Assets.xcassets; sourceTree = "<group>"; };
		1091C212271A59F8002CA057 /* Base */ = {isa = PBXFileReference; lastKnownFileType = file.storyboard; name = Base; path = Base.lproj/LaunchScreen.storyboard; sourceTree = "<group>"; };
		1091C214271A59F8002CA057 /* Info.plist */ = {isa = PBXFileReference; lastKnownFileType = text.plist.xml; path = Info.plist; sourceTree = "<group>"; };
		1091C224271A5BB0002CA057 /* LoanProcessPage.swift */ = {isa = PBXFileReference; lastKnownFileType = sourcecode.swift; path = LoanProcessPage.swift; sourceTree = "<group>"; };
		1091C229271A5CE4002CA057 /* LoanProcessView.swift */ = {isa = PBXFileReference; lastKnownFileType = sourcecode.swift; path = LoanProcessView.swift; sourceTree = "<group>"; };
		1091C232271A632D002CA057 /* Fonts.swift */ = {isa = PBXFileReference; lastKnownFileType = sourcecode.swift; path = Fonts.swift; sourceTree = "<group>"; };
		1091C239271A68FC002CA057 /* Colors.swift */ = {isa = PBXFileReference; lastKnownFileType = sourcecode.swift; path = Colors.swift; sourceTree = "<group>"; };
		1091C23D271A71BA002CA057 /* RegularTextField.swift */ = {isa = PBXFileReference; lastKnownFileType = sourcecode.swift; path = RegularTextField.swift; sourceTree = "<group>"; };
		1091C240271A7328002CA057 /* SelectTextField.swift */ = {isa = PBXFileReference; lastKnownFileType = sourcecode.swift; path = SelectTextField.swift; sourceTree = "<group>"; };
		1091C243271A7443002CA057 /* Images.swift */ = {isa = PBXFileReference; lastKnownFileType = sourcecode.swift; path = Images.swift; sourceTree = "<group>"; };
		1091C246271A75D1002CA057 /* DateTextField.swift */ = {isa = PBXFileReference; lastKnownFileType = sourcecode.swift; path = DateTextField.swift; sourceTree = "<group>"; };
		1091C258271A7BEA002CA057 /* EmploymentTypePickerDataSource.swift */ = {isa = PBXFileReference; lastKnownFileType = sourcecode.swift; path = EmploymentTypePickerDataSource.swift; sourceTree = "<group>"; };
		1091C25C271A7C4A002CA057 /* EmploymentTypePickerDelegate.swift */ = {isa = PBXFileReference; lastKnownFileType = sourcecode.swift; path = EmploymentTypePickerDelegate.swift; sourceTree = "<group>"; };
		1091C262271A881A002CA057 /* FamilyStatusPickerDataSource.swift */ = {isa = PBXFileReference; lastKnownFileType = sourcecode.swift; path = FamilyStatusPickerDataSource.swift; sourceTree = "<group>"; };
		1091C265271A889F002CA057 /* FamilyStatusPickerDelegate.swift */ = {isa = PBXFileReference; lastKnownFileType = sourcecode.swift; path = FamilyStatusPickerDelegate.swift; sourceTree = "<group>"; };
		1091C268271A89AB002CA057 /* IssuedByPickerDataSource.swift */ = {isa = PBXFileReference; lastKnownFileType = sourcecode.swift; path = IssuedByPickerDataSource.swift; sourceTree = "<group>"; };
		1091C26B271A8A00002CA057 /* IssuedByPickerDelegate.swift */ = {isa = PBXFileReference; lastKnownFileType = sourcecode.swift; path = IssuedByPickerDelegate.swift; sourceTree = "<group>"; };
		1091C273271AA34C002CA057 /* LoanConfirmationPage.swift */ = {isa = PBXFileReference; lastKnownFileType = sourcecode.swift; path = LoanConfirmationPage.swift; sourceTree = "<group>"; };
		1091C277271AA38D002CA057 /* LoanConfirmationView.swift */ = {isa = PBXFileReference; lastKnownFileType = sourcecode.swift; path = LoanConfirmationView.swift; sourceTree = "<group>"; };
		45E7772C271B355C00FC6CB9 /* StoriesView.swift */ = {isa = PBXFileReference; lastKnownFileType = sourcecode.swift; path = StoriesView.swift; sourceTree = "<group>"; };
		45E7772E271B366200FC6CB9 /* StoriesCell.swift */ = {isa = PBXFileReference; lastKnownFileType = sourcecode.swift; path = StoriesCell.swift; sourceTree = "<group>"; };
		45E77732271B3F1100FC6CB9 /* StoriesPage.swift */ = {isa = PBXFileReference; lastKnownFileType = sourcecode.swift; path = StoriesPage.swift; sourceTree = "<group>"; };
		45E77734271B3F3100FC6CB9 /* SegmentedProgressBar.swift */ = {isa = PBXFileReference; lastKnownFileType = sourcecode.swift; path = SegmentedProgressBar.swift; sourceTree = "<group>"; };
		45E77736271B509700FC6CB9 /* StoriesAnimator.swift */ = {isa = PBXFileReference; lastKnownFileType = sourcecode.swift; path = StoriesAnimator.swift; sourceTree = "<group>"; };
		45E7773A271B5AE000FC6CB9 /* BasketPage.swift */ = {isa = PBXFileReference; lastKnownFileType = sourcecode.swift; path = BasketPage.swift; sourceTree = "<group>"; };
		45E7773D271B771400FC6CB9 /* BasketItemCell.swift */ = {isa = PBXFileReference; lastKnownFileType = sourcecode.swift; path = BasketItemCell.swift; sourceTree = "<group>"; };
		45E7773F271B853C00FC6CB9 /* BasketClickableView.swift */ = {isa = PBXFileReference; lastKnownFileType = sourcecode.swift; path = BasketClickableView.swift; sourceTree = "<group>"; };
		45E77741271B87D500FC6CB9 /* BasketMonthView.swift */ = {isa = PBXFileReference; lastKnownFileType = sourcecode.swift; path = BasketMonthView.swift; sourceTree = "<group>"; };
		45E77743271B8D2000FC6CB9 /* BasketPriceView.swift */ = {isa = PBXFileReference; lastKnownFileType = sourcecode.swift; path = BasketPriceView.swift; sourceTree = "<group>"; };
		45E77745271B993800FC6CB9 /* TrippleMonthView.swift */ = {isa = PBXFileReference; lastKnownFileType = sourcecode.swift; path = TrippleMonthView.swift; sourceTree = "<group>"; };
		45F5062B271AC9EA0094FBF0 /* QRScanPage.swift */ = {isa = PBXFileReference; lastKnownFileType = sourcecode.swift; path = QRScanPage.swift; sourceTree = "<group>"; };
		45F5062D271AC9F80094FBF0 /* QRScanViewModel.swift */ = {isa = PBXFileReference; lastKnownFileType = sourcecode.swift; path = QRScanViewModel.swift; sourceTree = "<group>"; };
		45F5062F271ACAC30094FBF0 /* Extensions.swift */ = {isa = PBXFileReference; lastKnownFileType = sourcecode.swift; path = Extensions.swift; sourceTree = "<group>"; };
		1091C27F271AF096002CA057 /* UIButton + Extension.swift */ = {isa = PBXFileReference; lastKnownFileType = sourcecode.swift; path = "UIButton + Extension.swift"; sourceTree = "<group>"; };
		1091C284271AF6DE002CA057 /* DocumentsPage.swift */ = {isa = PBXFileReference; lastKnownFileType = sourcecode.swift; path = DocumentsPage.swift; sourceTree = "<group>"; };
		1091C288271AF70E002CA057 /* DocumentsView.swift */ = {isa = PBXFileReference; lastKnownFileType = sourcecode.swift; path = DocumentsView.swift; sourceTree = "<group>"; };
		1091C290271AFBE5002CA057 /* EKAttributes + Extension.swift */ = {isa = PBXFileReference; lastKnownFileType = sourcecode.swift; path = "EKAttributes + Extension.swift"; sourceTree = "<group>"; };
		1091C295271B2A1C002CA057 /* AlertView.swift */ = {isa = PBXFileReference; lastKnownFileType = sourcecode.swift; path = AlertView.swift; sourceTree = "<group>"; };
		1091C29A271B2E88002CA057 /* AlertModel.swift */ = {isa = PBXFileReference; lastKnownFileType = sourcecode.swift; path = AlertModel.swift; sourceTree = "<group>"; };
		1091C2AC271B4874002CA057 /* LoaderView.swift */ = {isa = PBXFileReference; lastKnownFileType = sourcecode.swift; path = LoaderView.swift; sourceTree = "<group>"; };
		1091C2B1271B4F42002CA057 /* QRPage.swift */ = {isa = PBXFileReference; lastKnownFileType = sourcecode.swift; path = QRPage.swift; sourceTree = "<group>"; };
		1091C2B5271B4F61002CA057 /* QRView.swift */ = {isa = PBXFileReference; lastKnownFileType = sourcecode.swift; path = QRView.swift; sourceTree = "<group>"; };
		1091C2BB271B5B5F002CA057 /* SuccessPage.swift */ = {isa = PBXFileReference; lastKnownFileType = sourcecode.swift; path = SuccessPage.swift; sourceTree = "<group>"; };
		1091C2BF271B5B79002CA057 /* SuccessView.swift */ = {isa = PBXFileReference; lastKnownFileType = sourcecode.swift; path = SuccessView.swift; sourceTree = "<group>"; };
		1091C2C3271B62B1002CA057 /* LoaderPage.swift */ = {isa = PBXFileReference; lastKnownFileType = sourcecode.swift; path = LoaderPage.swift; sourceTree = "<group>"; };
		63223CF3D121667333613DC5 /* Pods-hcb-hackaton.release.xcconfig */ = {isa = PBXFileReference; includeInIndex = 1; lastKnownFileType = text.xcconfig; name = "Pods-hcb-hackaton.release.xcconfig"; path = "Target Support Files/Pods-hcb-hackaton/Pods-hcb-hackaton.release.xcconfig"; sourceTree = "<group>"; };
		866915577F00E5BD69DFFCAA /* Pods-hcb-hackaton.debug.xcconfig */ = {isa = PBXFileReference; includeInIndex = 1; lastKnownFileType = text.xcconfig; name = "Pods-hcb-hackaton.debug.xcconfig"; path = "Target Support Files/Pods-hcb-hackaton/Pods-hcb-hackaton.debug.xcconfig"; sourceTree = "<group>"; };
		BA678308762E306903D8FA13 /* Pods_hcb_hackaton.framework */ = {isa = PBXFileReference; explicitFileType = wrapper.framework; includeInIndex = 0; path = Pods_hcb_hackaton.framework; sourceTree = BUILT_PRODUCTS_DIR; };
/* End PBXFileReference section */

/* Begin PBXFrameworksBuildPhase section */
		1091C200271A59F7002CA057 /* Frameworks */ = {
			isa = PBXFrameworksBuildPhase;
			buildActionMask = 2147483647;
			files = (
				647D70C685DDD1892FD53559 /* Pods_hcb_hackaton.framework in Frameworks */,
			);
			runOnlyForDeploymentPostprocessing = 0;
		};
/* End PBXFrameworksBuildPhase section */

/* Begin PBXGroup section */
		1091C1FA271A59F7002CA057 = {
			isa = PBXGroup;
			children = (
				1091C205271A59F7002CA057 /* hcb-hackaton */,
				1091C204271A59F7002CA057 /* Products */,
				435D9141C71B5D6D8853A22F /* Pods */,
				12D666D00888D046BD4151B9 /* Frameworks */,
			);
			sourceTree = "<group>";
		};
		1091C204271A59F7002CA057 /* Products */ = {
			isa = PBXGroup;
			children = (
				1091C203271A59F7002CA057 /* hcb-hackaton.app */,
			);
			name = Products;
			sourceTree = "<group>";
		};
		1091C205271A59F7002CA057 /* hcb-hackaton */ = {
			isa = PBXGroup;
			children = (
				45E77738271B5ACD00FC6CB9 /* Basket */,
				45F50626271AC9BB0094FBF0 /* QrScan */,
				1091C2B9271B5B54002CA057 /* Success */,
				1091C2AF271B4F33002CA057 /* QR */,
				1091C2AA271B4866002CA057 /* Loader */,
				1091C293271B2A09002CA057 /* Alert */,
				1091C282271AF6CE002CA057 /* Documents */,
				1091C271271AA333002CA057 /* LoanConfirmation */,
				1091C231271A631E002CA057 /* Helpers */,
				1091C21C271A5A6B002CA057 /* LoanProcess */,
				1091C206271A59F7002CA057 /* AppDelegate.swift */,
				1091C20F271A59F8002CA057 /* Assets.xcassets */,
				1091C211271A59F8002CA057 /* LaunchScreen.storyboard */,
				1091C214271A59F8002CA057 /* Info.plist */,
			);
			path = "hcb-hackaton";
			sourceTree = "<group>";
		};
		1091C21C271A5A6B002CA057 /* LoanProcess */ = {
			isa = PBXGroup;
			children = (
				1091C24E271A783C002CA057 /* Pickers */,
				1091C228271A5CD9002CA057 /* View */,
				1091C21D271A5AA5002CA057 /* Page */,
			);
			path = LoanProcess;
			sourceTree = "<group>";
		};
		1091C21D271A5AA5002CA057 /* Page */ = {
			isa = PBXGroup;
			children = (
				1091C224271A5BB0002CA057 /* LoanProcessPage.swift */,
			);
			path = Page;
			sourceTree = "<group>";
		};
		1091C228271A5CD9002CA057 /* View */ = {
			isa = PBXGroup;
			children = (
				1091C229271A5CE4002CA057 /* LoanProcessView.swift */,
			);
			path = View;
			sourceTree = "<group>";
		};
		1091C231271A631E002CA057 /* Helpers */ = {
			isa = PBXGroup;
			children = (
				1091C249271A7742002CA057 /* TextFields */,
				1091C232271A632D002CA057 /* Fonts.swift */,
				1091C239271A68FC002CA057 /* Colors.swift */,
				1091C243271A7443002CA057 /* Images.swift */,
				45F5062F271ACAC30094FBF0 /* Extensions.swift */,
				1091C27F271AF096002CA057 /* UIButton + Extension.swift */,
				1091C290271AFBE5002CA057 /* EKAttributes + Extension.swift */,
			);
			path = Helpers;
			sourceTree = "<group>";
		};
		1091C249271A7742002CA057 /* TextFields */ = {
			isa = PBXGroup;
			children = (
				1091C23D271A71BA002CA057 /* RegularTextField.swift */,
				1091C240271A7328002CA057 /* SelectTextField.swift */,
				1091C246271A75D1002CA057 /* DateTextField.swift */,
			);
			path = TextFields;
			sourceTree = "<group>";
		};
		1091C24E271A783C002CA057 /* Pickers */ = {
			isa = PBXGroup;
			children = (
				1091C258271A7BEA002CA057 /* EmploymentTypePickerDataSource.swift */,
				1091C25C271A7C4A002CA057 /* EmploymentTypePickerDelegate.swift */,
				1091C262271A881A002CA057 /* FamilyStatusPickerDataSource.swift */,
				1091C265271A889F002CA057 /* FamilyStatusPickerDelegate.swift */,
				1091C268271A89AB002CA057 /* IssuedByPickerDataSource.swift */,
				1091C26B271A8A00002CA057 /* IssuedByPickerDelegate.swift */,
			);
			path = Pickers;
			sourceTree = "<group>";
		};
		1091C271271AA333002CA057 /* LoanConfirmation */ = {
			isa = PBXGroup;
			children = (
				1091C276271AA383002CA057 /* View */,
				1091C272271AA33C002CA057 /* Page */,
			);
			path = LoanConfirmation;
			sourceTree = "<group>";
		};
		1091C272271AA33C002CA057 /* Page */ = {
			isa = PBXGroup;
			children = (
				1091C273271AA34C002CA057 /* LoanConfirmationPage.swift */,
			);
			path = Page;
			sourceTree = "<group>";
		};
		1091C276271AA383002CA057 /* View */ = {
			isa = PBXGroup;
			children = (
				1091C277271AA38D002CA057 /* LoanConfirmationView.swift */,
			);
			path = View;
			sourceTree = "<group>";
		};
		1091C282271AF6CE002CA057 /* Documents */ = {
			isa = PBXGroup;
			children = (
				1091C287271AF703002CA057 /* View */,
				1091C283271AF6D4002CA057 /* Page */,
			);
			path = Documents;
			sourceTree = "<group>";
		};
		1091C283271AF6D4002CA057 /* Page */ = {
			isa = PBXGroup;
			children = (
				1091C284271AF6DE002CA057 /* DocumentsPage.swift */,
			);
			path = Page;
			sourceTree = "<group>";
		};
		1091C287271AF703002CA057 /* View */ = {
			isa = PBXGroup;
			children = (
				1091C288271AF70E002CA057 /* DocumentsView.swift */,
			);
			path = View;
			sourceTree = "<group>";
		};
		1091C293271B2A09002CA057 /* Alert */ = {
			isa = PBXGroup;
			children = (
				1091C299271B2E7F002CA057 /* Model */,
				1091C294271B2A14002CA057 /* View */,
			);
			path = Alert;
			sourceTree = "<group>";
		};
		1091C294271B2A14002CA057 /* View */ = {
			isa = PBXGroup;
			children = (
				1091C295271B2A1C002CA057 /* AlertView.swift */,
			);
			path = View;
			sourceTree = "<group>";
		};
		1091C299271B2E7F002CA057 /* Model */ = {
			isa = PBXGroup;
			children = (
				1091C29A271B2E88002CA057 /* AlertModel.swift */,
			);
			path = Model;
			sourceTree = "<group>";
		};
		1091C2AA271B4866002CA057 /* Loader */ = {
			isa = PBXGroup;
			children = (
				1091C2C2271B629D002CA057 /* Page */,
				1091C2AB271B486C002CA057 /* View */,
			);
			path = Loader;
			sourceTree = "<group>";
		};
		1091C2AB271B486C002CA057 /* View */ = {
			isa = PBXGroup;
			children = (
				1091C2AC271B4874002CA057 /* LoaderView.swift */,
			);
			path = View;
			sourceTree = "<group>";
		};
		1091C2AF271B4F33002CA057 /* QR */ = {
			isa = PBXGroup;
			children = (
				1091C2B4271B4F5A002CA057 /* View */,
				1091C2B0271B4F3A002CA057 /* Page */,
			);
			path = QR;
			sourceTree = "<group>";
		};
		1091C2B0271B4F3A002CA057 /* Page */ = {
			isa = PBXGroup;
			children = (
				1091C2B1271B4F42002CA057 /* QRPage.swift */,
			);
			path = Page;
			sourceTree = "<group>";
		};
		1091C2B4271B4F5A002CA057 /* View */ = {
			isa = PBXGroup;
			children = (
				1091C2B5271B4F61002CA057 /* QRView.swift */,
			);
			path = View;
			sourceTree = "<group>";
		};
		1091C2B9271B5B54002CA057 /* Success */ = {
			isa = PBXGroup;
			children = (
				1091C2BE271B5B70002CA057 /* View */,
				1091C2BA271B5B58002CA057 /* Page */,
			);
			path = Success;
			sourceTree = "<group>";
		};
		1091C2BA271B5B58002CA057 /* Page */ = {
			isa = PBXGroup;
			children = (
				1091C2BB271B5B5F002CA057 /* SuccessPage.swift */,
			);
			path = Page;
			sourceTree = "<group>";
		};
		1091C2BE271B5B70002CA057 /* View */ = {
			isa = PBXGroup;
			children = (
				1091C2BF271B5B79002CA057 /* SuccessView.swift */,
			);
			path = View;
			sourceTree = "<group>";
		};
		1091C2C2271B629D002CA057 /* Page */ = {
			isa = PBXGroup;
			children = (
				1091C2C3271B62B1002CA057 /* LoaderPage.swift */,
			);
			path = Page;
			sourceTree = "<group>";
		};
		12D666D00888D046BD4151B9 /* Frameworks */ = {
			isa = PBXGroup;
			children = (
				BA678308762E306903D8FA13 /* Pods_hcb_hackaton.framework */,
			);
			name = Frameworks;
			sourceTree = "<group>";
		};
		435D9141C71B5D6D8853A22F /* Pods */ = {
			isa = PBXGroup;
			children = (
				866915577F00E5BD69DFFCAA /* Pods-hcb-hackaton.debug.xcconfig */,
				63223CF3D121667333613DC5 /* Pods-hcb-hackaton.release.xcconfig */,
			);
			path = Pods;
			sourceTree = "<group>";
		};
		45E77731271B3EF500FC6CB9 /* StoriesPage */ = {
			isa = PBXGroup;
			children = (
				45E77732271B3F1100FC6CB9 /* StoriesPage.swift */,
				45E77734271B3F3100FC6CB9 /* SegmentedProgressBar.swift */,
				45E77736271B509700FC6CB9 /* StoriesAnimator.swift */,
			);
			path = StoriesPage;
			sourceTree = "<group>";
		};
		45E77738271B5ACD00FC6CB9 /* Basket */ = {
			isa = PBXGroup;
			children = (
				45E7773C271B76F400FC6CB9 /* View */,
				45E77739271B5AD200FC6CB9 /* Page */,
			);
			path = Basket;
			sourceTree = "<group>";
		};
		45E77739271B5AD200FC6CB9 /* Page */ = {
			isa = PBXGroup;
			children = (
				45E7773A271B5AE000FC6CB9 /* BasketPage.swift */,
			);
			path = Page;
			sourceTree = "<group>";
		};
		45E7773C271B76F400FC6CB9 /* View */ = {
			isa = PBXGroup;
			children = (
				45E7773D271B771400FC6CB9 /* BasketItemCell.swift */,
				45E7773F271B853C00FC6CB9 /* BasketClickableView.swift */,
				45E77741271B87D500FC6CB9 /* BasketMonthView.swift */,
				45E77743271B8D2000FC6CB9 /* BasketPriceView.swift */,
				45E77745271B993800FC6CB9 /* TrippleMonthView.swift */,
			);
			path = View;
			sourceTree = "<group>";
		};
		45F50626271AC9BB0094FBF0 /* QrScan */ = {
			isa = PBXGroup;
			children = (
				45E77731271B3EF500FC6CB9 /* StoriesPage */,
				45F5062A271AC9D90094FBF0 /* View */,
				45F50629271AC9D50094FBF0 /* Model */,
				45F50628271AC9CF0094FBF0 /* ViewModel */,
				45F50627271AC9CC0094FBF0 /* Page */,
			);
			path = QrScan;
			sourceTree = "<group>";
		};
		45F50627271AC9CC0094FBF0 /* Page */ = {
			isa = PBXGroup;
			children = (
				45F5062B271AC9EA0094FBF0 /* QRScanPage.swift */,
			);
			path = Page;
			sourceTree = "<group>";
		};
		45F50628271AC9CF0094FBF0 /* ViewModel */ = {
			isa = PBXGroup;
			children = (
				45F5062D271AC9F80094FBF0 /* QRScanViewModel.swift */,
			);
			path = ViewModel;
			sourceTree = "<group>";
		};
		45F50629271AC9D50094FBF0 /* Model */ = {
			isa = PBXGroup;
			children = (
			);
			path = Model;
			sourceTree = "<group>";
		};
		45F5062A271AC9D90094FBF0 /* View */ = {
			isa = PBXGroup;
			children = (
				45E7772C271B355C00FC6CB9 /* StoriesView.swift */,
				45E7772E271B366200FC6CB9 /* StoriesCell.swift */,
			);
			path = View;
			sourceTree = "<group>";
		};
/* End PBXGroup section */

/* Begin PBXNativeTarget section */
		1091C202271A59F7002CA057 /* hcb-hackaton */ = {
			isa = PBXNativeTarget;
			buildConfigurationList = 1091C217271A59F8002CA057 /* Build configuration list for PBXNativeTarget "hcb-hackaton" */;
			buildPhases = (
				5BB8527EF4BDBDB356822CA2 /* [CP] Check Pods Manifest.lock */,
				1091C1FF271A59F7002CA057 /* Sources */,
				1091C200271A59F7002CA057 /* Frameworks */,
				1091C201271A59F7002CA057 /* Resources */,
				AEE55A3922F318B73924A4F8 /* [CP] Embed Pods Frameworks */,
			);
			buildRules = (
			);
			dependencies = (
			);
			name = "hcb-hackaton";
			productName = "hcb-hackaton";
			productReference = 1091C203271A59F7002CA057 /* hcb-hackaton.app */;
			productType = "com.apple.product-type.application";
		};
/* End PBXNativeTarget section */

/* Begin PBXProject section */
		1091C1FB271A59F7002CA057 /* Project object */ = {
			isa = PBXProject;
			attributes = {
				LastSwiftUpdateCheck = 1240;
				LastUpgradeCheck = 1240;
				TargetAttributes = {
					1091C202271A59F7002CA057 = {
						CreatedOnToolsVersion = 12.4;
					};
				};
			};
			buildConfigurationList = 1091C1FE271A59F7002CA057 /* Build configuration list for PBXProject "hcb-hackaton" */;
			compatibilityVersion = "Xcode 9.3";
			developmentRegion = en;
			hasScannedForEncodings = 0;
			knownRegions = (
				en,
				Base,
			);
			mainGroup = 1091C1FA271A59F7002CA057;
			productRefGroup = 1091C204271A59F7002CA057 /* Products */;
			projectDirPath = "";
			projectRoot = "";
			targets = (
				1091C202271A59F7002CA057 /* hcb-hackaton */,
			);
		};
/* End PBXProject section */

/* Begin PBXResourcesBuildPhase section */
		1091C201271A59F7002CA057 /* Resources */ = {
			isa = PBXResourcesBuildPhase;
			buildActionMask = 2147483647;
			files = (
				1091C213271A59F8002CA057 /* LaunchScreen.storyboard in Resources */,
				1091C210271A59F8002CA057 /* Assets.xcassets in Resources */,
			);
			runOnlyForDeploymentPostprocessing = 0;
		};
/* End PBXResourcesBuildPhase section */

/* Begin PBXShellScriptBuildPhase section */
		5BB8527EF4BDBDB356822CA2 /* [CP] Check Pods Manifest.lock */ = {
			isa = PBXShellScriptBuildPhase;
			buildActionMask = 2147483647;
			files = (
			);
			inputFileListPaths = (
			);
			inputPaths = (
				"${PODS_PODFILE_DIR_PATH}/Podfile.lock",
				"${PODS_ROOT}/Manifest.lock",
			);
			name = "[CP] Check Pods Manifest.lock";
			outputFileListPaths = (
			);
			outputPaths = (
				"$(DERIVED_FILE_DIR)/Pods-hcb-hackaton-checkManifestLockResult.txt",
			);
			runOnlyForDeploymentPostprocessing = 0;
			shellPath = /bin/sh;
			shellScript = "diff \"${PODS_PODFILE_DIR_PATH}/Podfile.lock\" \"${PODS_ROOT}/Manifest.lock\" > /dev/null\nif [ $? != 0 ] ; then\n    # print error to STDERR\n    echo \"error: The sandbox is not in sync with the Podfile.lock. Run 'pod install' or update your CocoaPods installation.\" >&2\n    exit 1\nfi\n# This output is used by Xcode 'outputs' to avoid re-running this script phase.\necho \"SUCCESS\" > \"${SCRIPT_OUTPUT_FILE_0}\"\n";
			showEnvVarsInLog = 0;
		};
		AEE55A3922F318B73924A4F8 /* [CP] Embed Pods Frameworks */ = {
			isa = PBXShellScriptBuildPhase;
			buildActionMask = 2147483647;
			files = (
			);
			inputFileListPaths = (
				"${PODS_ROOT}/Target Support Files/Pods-hcb-hackaton/Pods-hcb-hackaton-frameworks-${CONFIGURATION}-input-files.xcfilelist",
			);
			name = "[CP] Embed Pods Frameworks";
			outputFileListPaths = (
				"${PODS_ROOT}/Target Support Files/Pods-hcb-hackaton/Pods-hcb-hackaton-frameworks-${CONFIGURATION}-output-files.xcfilelist",
			);
			runOnlyForDeploymentPostprocessing = 0;
			shellPath = /bin/sh;
			shellScript = "\"${PODS_ROOT}/Target Support Files/Pods-hcb-hackaton/Pods-hcb-hackaton-frameworks.sh\"\n";
			showEnvVarsInLog = 0;
		};
/* End PBXShellScriptBuildPhase section */

/* Begin PBXSourcesBuildPhase section */
		1091C1FF271A59F7002CA057 /* Sources */ = {
			isa = PBXSourcesBuildPhase;
			buildActionMask = 2147483647;
			files = (
				45E77737271B509700FC6CB9 /* StoriesAnimator.swift in Sources */,
				45F5062C271AC9EA0094FBF0 /* QRScanPage.swift in Sources */,
				1091C263271A881A002CA057 /* FamilyStatusPickerDataSource.swift in Sources */,
				45E77740271B853C00FC6CB9 /* BasketClickableView.swift in Sources */,
				1091C2B6271B4F61002CA057 /* QRView.swift in Sources */,
				1091C25D271A7C4A002CA057 /* EmploymentTypePickerDelegate.swift in Sources */,
				45E7772F271B366200FC6CB9 /* StoriesCell.swift in Sources */,
				45E77733271B3F1100FC6CB9 /* StoriesPage.swift in Sources */,
				1091C241271A7328002CA057 /* SelectTextField.swift in Sources */,
				1091C296271B2A1C002CA057 /* AlertView.swift in Sources */,
				1091C2BC271B5B5F002CA057 /* SuccessPage.swift in Sources */,
				1091C291271AFBE5002CA057 /* EKAttributes + Extension.swift in Sources */,
				1091C2AD271B4874002CA057 /* LoaderView.swift in Sources */,
				1091C233271A632D002CA057 /* Fonts.swift in Sources */,
				1091C23A271A68FC002CA057 /* Colors.swift in Sources */,
				1091C280271AF096002CA057 /* UIButton + Extension.swift in Sources */,
				1091C285271AF6DE002CA057 /* DocumentsPage.swift in Sources */,
				1091C274271AA34C002CA057 /* LoanConfirmationPage.swift in Sources */,
				1091C23E271A71BA002CA057 /* RegularTextField.swift in Sources */,
				1091C266271A889F002CA057 /* FamilyStatusPickerDelegate.swift in Sources */,
				45E77735271B3F3100FC6CB9 /* SegmentedProgressBar.swift in Sources */,
				1091C247271A75D1002CA057 /* DateTextField.swift in Sources */,
				1091C29B271B2E88002CA057 /* AlertModel.swift in Sources */,
				1091C289271AF70E002CA057 /* DocumentsView.swift in Sources */,
				1091C278271AA38D002CA057 /* LoanConfirmationView.swift in Sources */,
				1091C2C4271B62B1002CA057 /* LoaderPage.swift in Sources */,
				1091C225271A5BB0002CA057 /* LoanProcessPage.swift in Sources */,
				1091C2C0271B5B79002CA057 /* SuccessView.swift in Sources */,
				1091C244271A7443002CA057 /* Images.swift in Sources */,
				1091C22A271A5CE4002CA057 /* LoanProcessView.swift in Sources */,
				1091C207271A59F7002CA057 /* AppDelegate.swift in Sources */,
				45F50630271ACAC30094FBF0 /* Extensions.swift in Sources */,
				45E77742271B87D500FC6CB9 /* BasketMonthView.swift in Sources */,
				45E7773B271B5AE000FC6CB9 /* BasketPage.swift in Sources */,
				1091C2B2271B4F42002CA057 /* QRPage.swift in Sources */,
				1091C26C271A8A00002CA057 /* IssuedByPickerDelegate.swift in Sources */,
				45E7772D271B355C00FC6CB9 /* StoriesView.swift in Sources */,
				1091C269271A89AB002CA057 /* IssuedByPickerDataSource.swift in Sources */,
				45E77744271B8D2000FC6CB9 /* BasketPriceView.swift in Sources */,
				45E7773E271B771400FC6CB9 /* BasketItemCell.swift in Sources */,
				45E77746271B993800FC6CB9 /* TrippleMonthView.swift in Sources */,
				45F5062E271AC9F80094FBF0 /* QRScanViewModel.swift in Sources */,
				1091C259271A7BEA002CA057 /* EmploymentTypePickerDataSource.swift in Sources */,
			);
			runOnlyForDeploymentPostprocessing = 0;
		};
/* End PBXSourcesBuildPhase section */

/* Begin PBXVariantGroup section */
		1091C211271A59F8002CA057 /* LaunchScreen.storyboard */ = {
			isa = PBXVariantGroup;
			children = (
				1091C212271A59F8002CA057 /* Base */,
			);
			name = LaunchScreen.storyboard;
			sourceTree = "<group>";
		};
/* End PBXVariantGroup section */

/* Begin XCBuildConfiguration section */
		1091C215271A59F8002CA057 /* Debug */ = {
			isa = XCBuildConfiguration;
			buildSettings = {
				ALWAYS_SEARCH_USER_PATHS = NO;
				CLANG_ANALYZER_NONNULL = YES;
				CLANG_ANALYZER_NUMBER_OBJECT_CONVERSION = YES_AGGRESSIVE;
				CLANG_CXX_LANGUAGE_STANDARD = "gnu++14";
				CLANG_CXX_LIBRARY = "libc++";
				CLANG_ENABLE_MODULES = YES;
				CLANG_ENABLE_OBJC_ARC = YES;
				CLANG_ENABLE_OBJC_WEAK = YES;
				CLANG_WARN_BLOCK_CAPTURE_AUTORELEASING = YES;
				CLANG_WARN_BOOL_CONVERSION = YES;
				CLANG_WARN_COMMA = YES;
				CLANG_WARN_CONSTANT_CONVERSION = YES;
				CLANG_WARN_DEPRECATED_OBJC_IMPLEMENTATIONS = YES;
				CLANG_WARN_DIRECT_OBJC_ISA_USAGE = YES_ERROR;
				CLANG_WARN_DOCUMENTATION_COMMENTS = YES;
				CLANG_WARN_EMPTY_BODY = YES;
				CLANG_WARN_ENUM_CONVERSION = YES;
				CLANG_WARN_INFINITE_RECURSION = YES;
				CLANG_WARN_INT_CONVERSION = YES;
				CLANG_WARN_NON_LITERAL_NULL_CONVERSION = YES;
				CLANG_WARN_OBJC_IMPLICIT_RETAIN_SELF = YES;
				CLANG_WARN_OBJC_LITERAL_CONVERSION = YES;
				CLANG_WARN_OBJC_ROOT_CLASS = YES_ERROR;
				CLANG_WARN_QUOTED_INCLUDE_IN_FRAMEWORK_HEADER = YES;
				CLANG_WARN_RANGE_LOOP_ANALYSIS = YES;
				CLANG_WARN_STRICT_PROTOTYPES = YES;
				CLANG_WARN_SUSPICIOUS_MOVE = YES;
				CLANG_WARN_UNGUARDED_AVAILABILITY = YES_AGGRESSIVE;
				CLANG_WARN_UNREACHABLE_CODE = YES;
				CLANG_WARN__DUPLICATE_METHOD_MATCH = YES;
				COPY_PHASE_STRIP = NO;
				DEBUG_INFORMATION_FORMAT = dwarf;
				ENABLE_STRICT_OBJC_MSGSEND = YES;
				ENABLE_TESTABILITY = YES;
				GCC_C_LANGUAGE_STANDARD = gnu11;
				GCC_DYNAMIC_NO_PIC = NO;
				GCC_NO_COMMON_BLOCKS = YES;
				GCC_OPTIMIZATION_LEVEL = 0;
				GCC_PREPROCESSOR_DEFINITIONS = (
					"DEBUG=1",
					"$(inherited)",
				);
				GCC_WARN_64_TO_32_BIT_CONVERSION = YES;
				GCC_WARN_ABOUT_RETURN_TYPE = YES_ERROR;
				GCC_WARN_UNDECLARED_SELECTOR = YES;
				GCC_WARN_UNINITIALIZED_AUTOS = YES_AGGRESSIVE;
				GCC_WARN_UNUSED_FUNCTION = YES;
				GCC_WARN_UNUSED_VARIABLE = YES;
				IPHONEOS_DEPLOYMENT_TARGET = 14.4;
				MTL_ENABLE_DEBUG_INFO = INCLUDE_SOURCE;
				MTL_FAST_MATH = YES;
				ONLY_ACTIVE_ARCH = YES;
				SDKROOT = iphoneos;
				SWIFT_ACTIVE_COMPILATION_CONDITIONS = DEBUG;
				SWIFT_OPTIMIZATION_LEVEL = "-Onone";
			};
			name = Debug;
		};
		1091C216271A59F8002CA057 /* Release */ = {
			isa = XCBuildConfiguration;
			buildSettings = {
				ALWAYS_SEARCH_USER_PATHS = NO;
				CLANG_ANALYZER_NONNULL = YES;
				CLANG_ANALYZER_NUMBER_OBJECT_CONVERSION = YES_AGGRESSIVE;
				CLANG_CXX_LANGUAGE_STANDARD = "gnu++14";
				CLANG_CXX_LIBRARY = "libc++";
				CLANG_ENABLE_MODULES = YES;
				CLANG_ENABLE_OBJC_ARC = YES;
				CLANG_ENABLE_OBJC_WEAK = YES;
				CLANG_WARN_BLOCK_CAPTURE_AUTORELEASING = YES;
				CLANG_WARN_BOOL_CONVERSION = YES;
				CLANG_WARN_COMMA = YES;
				CLANG_WARN_CONSTANT_CONVERSION = YES;
				CLANG_WARN_DEPRECATED_OBJC_IMPLEMENTATIONS = YES;
				CLANG_WARN_DIRECT_OBJC_ISA_USAGE = YES_ERROR;
				CLANG_WARN_DOCUMENTATION_COMMENTS = YES;
				CLANG_WARN_EMPTY_BODY = YES;
				CLANG_WARN_ENUM_CONVERSION = YES;
				CLANG_WARN_INFINITE_RECURSION = YES;
				CLANG_WARN_INT_CONVERSION = YES;
				CLANG_WARN_NON_LITERAL_NULL_CONVERSION = YES;
				CLANG_WARN_OBJC_IMPLICIT_RETAIN_SELF = YES;
				CLANG_WARN_OBJC_LITERAL_CONVERSION = YES;
				CLANG_WARN_OBJC_ROOT_CLASS = YES_ERROR;
				CLANG_WARN_QUOTED_INCLUDE_IN_FRAMEWORK_HEADER = YES;
				CLANG_WARN_RANGE_LOOP_ANALYSIS = YES;
				CLANG_WARN_STRICT_PROTOTYPES = YES;
				CLANG_WARN_SUSPICIOUS_MOVE = YES;
				CLANG_WARN_UNGUARDED_AVAILABILITY = YES_AGGRESSIVE;
				CLANG_WARN_UNREACHABLE_CODE = YES;
				CLANG_WARN__DUPLICATE_METHOD_MATCH = YES;
				COPY_PHASE_STRIP = NO;
				DEBUG_INFORMATION_FORMAT = "dwarf-with-dsym";
				ENABLE_NS_ASSERTIONS = NO;
				ENABLE_STRICT_OBJC_MSGSEND = YES;
				GCC_C_LANGUAGE_STANDARD = gnu11;
				GCC_NO_COMMON_BLOCKS = YES;
				GCC_WARN_64_TO_32_BIT_CONVERSION = YES;
				GCC_WARN_ABOUT_RETURN_TYPE = YES_ERROR;
				GCC_WARN_UNDECLARED_SELECTOR = YES;
				GCC_WARN_UNINITIALIZED_AUTOS = YES_AGGRESSIVE;
				GCC_WARN_UNUSED_FUNCTION = YES;
				GCC_WARN_UNUSED_VARIABLE = YES;
				IPHONEOS_DEPLOYMENT_TARGET = 14.4;
				MTL_ENABLE_DEBUG_INFO = NO;
				MTL_FAST_MATH = YES;
				SDKROOT = iphoneos;
				SWIFT_COMPILATION_MODE = wholemodule;
				SWIFT_OPTIMIZATION_LEVEL = "-O";
				VALIDATE_PRODUCT = YES;
			};
			name = Release;
		};
		1091C218271A59F8002CA057 /* Debug */ = {
			isa = XCBuildConfiguration;
			baseConfigurationReference = 866915577F00E5BD69DFFCAA /* Pods-hcb-hackaton.debug.xcconfig */;
			buildSettings = {
				ASSETCATALOG_COMPILER_APPICON_NAME = AppIcon;
				ASSETCATALOG_COMPILER_GLOBAL_ACCENT_COLOR_NAME = AccentColor;
				CODE_SIGN_STYLE = Automatic;
				DEVELOPMENT_TEAM = 8XD96ZUA34;
				INFOPLIST_FILE = "hcb-hackaton/Info.plist";
				IPHONEOS_DEPLOYMENT_TARGET = 12.1;
				LD_RUNPATH_SEARCH_PATHS = (
					"$(inherited)",
					"@executable_path/Frameworks",
				);
				PRODUCT_BUNDLE_IDENTIFIER = "S10S.hcb-hackaton-on";
				PRODUCT_NAME = "$(TARGET_NAME)";
				SWIFT_VERSION = 5.0;
				TARGETED_DEVICE_FAMILY = 1;
			};
			name = Debug;
		};
		1091C219271A59F8002CA057 /* Release */ = {
			isa = XCBuildConfiguration;
			baseConfigurationReference = 63223CF3D121667333613DC5 /* Pods-hcb-hackaton.release.xcconfig */;
			buildSettings = {
				ASSETCATALOG_COMPILER_APPICON_NAME = AppIcon;
				ASSETCATALOG_COMPILER_GLOBAL_ACCENT_COLOR_NAME = AccentColor;
				CODE_SIGN_STYLE = Automatic;
				DEVELOPMENT_TEAM = 8XD96ZUA34;
				INFOPLIST_FILE = "hcb-hackaton/Info.plist";
				IPHONEOS_DEPLOYMENT_TARGET = 12.1;
				LD_RUNPATH_SEARCH_PATHS = (
					"$(inherited)",
					"@executable_path/Frameworks",
				);
				PRODUCT_BUNDLE_IDENTIFIER = "S10S.hcb-hackaton-on";
				PRODUCT_NAME = "$(TARGET_NAME)";
				SWIFT_VERSION = 5.0;
				TARGETED_DEVICE_FAMILY = 1;
			};
			name = Release;
		};
/* End XCBuildConfiguration section */

/* Begin XCConfigurationList section */
		1091C1FE271A59F7002CA057 /* Build configuration list for PBXProject "hcb-hackaton" */ = {
			isa = XCConfigurationList;
			buildConfigurations = (
				1091C215271A59F8002CA057 /* Debug */,
				1091C216271A59F8002CA057 /* Release */,
			);
			defaultConfigurationIsVisible = 0;
			defaultConfigurationName = Release;
		};
		1091C217271A59F8002CA057 /* Build configuration list for PBXNativeTarget "hcb-hackaton" */ = {
			isa = XCConfigurationList;
			buildConfigurations = (
				1091C218271A59F8002CA057 /* Debug */,
				1091C219271A59F8002CA057 /* Release */,
			);
			defaultConfigurationIsVisible = 0;
			defaultConfigurationName = Release;
		};
/* End XCConfigurationList section */
	};
	rootObject = 1091C1FB271A59F7002CA057 /* Project object */;
}
